
Microsoft Visual Studio Solution File, Format Version 12.00
# Visual Studio Version 17
VisualStudioVersion = 17.13.35825.156 d17.13
MinimumVisualStudioVersion = 10.0.40219.1
Project("{FAE04EC0-301F-11D3-BF4B-00C04F79EFBC}") = "ChatApp", "ChatApp\ChatApp.csproj", "{B67D5400-DD05-4B62-949D-03546B07C2DD}"
EndProject
Global
	GlobalSection(SolutionConfigurationPlatforms) = preSolution
		Debug|Any CPU = Debug|Any CPU
		Release|Any CPU = Release|Any CPU
	EndGlobalSection
	GlobalSection(ProjectConfigurationPlatforms) = postSolution
		{B67D5400-DD05-4B62-949D-03546B07C2DD}.Debug|Any CPU.ActiveCfg = Debug|Any CPU
		{B67D5400-DD05-4B62-949D-03546B07C2DD}.Debug|Any CPU.Build.0 = Debug|Any CPU
		{B67D5400-DD05-4B62-949D-03546B07C2DD}.Release|Any CPU.ActiveCfg = Release|Any CPU
		{B67D5400-DD05-4B62-949D-03546B07C2DD}.Release|Any CPU.Build.0 = Release|Any CPU
	EndGlobalSection
	GlobalSection(SolutionProperties) = preSolution
		HideSolutionNode = FALSE
	EndGlobalSection
	GlobalSection(ExtensibilityGlobals) = postSolution
		SolutionGuid = {A74B81D8-7142-4C07-AC36-AEC53EB67785}
	EndGlobalSection
EndGlobal
